
Microsoft Visual Studio Solution File, Format Version 12.00
# Visual Studio Version 16
VisualStudioVersion = 16.0.29609.76
MinimumVisualStudioVersion = 10.0.40219.1
Project("{FAE04EC0-301F-11D3-BF4B-00C04F79EFBC}") = "MongoDBDotNetCore", "MongoDBDotNetCore\MongoDBDotNetCore.csproj", "{99F7ECE8-75E2-4241-AD64-4E7EAA234EDB}"
EndProject
Project("{FAE04EC0-301F-11D3-BF4B-00C04F79EFBC}") = "MongoDB.Data", "MongoDB.Data\MongoDB.Data.csproj", "{B2FA09A3-DC3D-483C-BD6A-436A0D7CE441}"
EndProject
Global
	GlobalSection(SolutionConfigurationPlatforms) = preSolution
		Debug|Any CPU = Debug|Any CPU
		Release|Any CPU = Release|Any CPU
	EndGlobalSection
	GlobalSection(ProjectConfigurationPlatforms) = postSolution
		{99F7ECE8-75E2-4241-AD64-4E7EAA234EDB}.Debug|Any CPU.ActiveCfg = Debug|Any CPU
		{99F7ECE8-75E2-4241-AD64-4E7EAA234EDB}.Debug|Any CPU.Build.0 = Debug|Any CPU
		{99F7ECE8-75E2-4241-AD64-4E7EAA234EDB}.Release|Any CPU.ActiveCfg = Release|Any CPU
		{99F7ECE8-75E2-4241-AD64-4E7EAA234EDB}.Release|Any CPU.Build.0 = Release|Any CPU
		{B2FA09A3-DC3D-483C-BD6A-436A0D7CE441}.Debug|Any CPU.ActiveCfg = Debug|Any CPU
		{B2FA09A3-DC3D-483C-BD6A-436A0D7CE441}.Debug|Any CPU.Build.0 = Debug|Any CPU
		{B2FA09A3-DC3D-483C-BD6A-436A0D7CE441}.Release|Any CPU.ActiveCfg = Release|Any CPU
		{B2FA09A3-DC3D-483C-BD6A-436A0D7CE441}.Release|Any CPU.Build.0 = Release|Any CPU
	EndGlobalSection
	GlobalSection(SolutionProperties) = preSolution
		HideSolutionNode = FALSE
	EndGlobalSection
	GlobalSection(ExtensibilityGlobals) = postSolution
		SolutionGuid = {D5560A52-D98D-44E9-B3D3-A45078683030}
	EndGlobalSection
EndGlobal
